
Microsoft Visual Studio Solution File, Format Version 12.00
# Visual Studio Version 17
VisualStudioVersion = 17.3.32929.385
MinimumVisualStudioVersion = 10.0.40219.1
Project("{FAE04EC0-301F-11D3-BF4B-00C04F79EFBC}") = "LabSheet03 - Agasa", "LabSheet03 - Agasa\LabSheet03 - Agasa.csproj", "{626E54B9-4BC2-4A9F-8691-604192E489ED}"
EndProject
Global
	GlobalSection(SolutionConfigurationPlatforms) = preSolution
		Debug|Any CPU = Debug|Any CPU
		Release|Any CPU = Release|Any CPU
	EndGlobalSection
	GlobalSection(ProjectConfigurationPlatforms) = postSolution
		{626E54B9-4BC2-4A9F-8691-604192E489ED}.Debug|Any CPU.ActiveCfg = Debug|Any CPU
		{626E54B9-4BC2-4A9F-8691-604192E489ED}.Debug|Any CPU.Build.0 = Debug|Any CPU
		{626E54B9-4BC2-4A9F-8691-604192E489ED}.Release|Any CPU.ActiveCfg = Release|Any CPU
		{626E54B9-4BC2-4A9F-8691-604192E489ED}.Release|Any CPU.Build.0 = Release|Any CPU
	EndGlobalSection
	GlobalSection(SolutionProperties) = preSolution
		HideSolutionNode = FALSE
	EndGlobalSection
	GlobalSection(ExtensibilityGlobals) = postSolution
		SolutionGuid = {25725ADA-8AF5-4BA4-AA4E-D907C3BCA3FD}
	EndGlobalSection
EndGlobal
