
Microsoft Visual Studio Solution File, Format Version 12.00
# Visual Studio Version 17
VisualStudioVersion = 17.3.32929.385
MinimumVisualStudioVersion = 10.0.40219.1
Project("{FAE04EC0-301F-11D3-BF4B-00C04F79EFBC}") = "Experimenting Inheritance", "Experimenting Inheritance\Experimenting Inheritance.csproj", "{CB6F86EB-5092-451A-AB71-2704D15FA4DF}"
EndProject
Global
	GlobalSection(SolutionConfigurationPlatforms) = preSolution
		Debug|Any CPU = Debug|Any CPU
		Release|Any CPU = Release|Any CPU
	EndGlobalSection
	GlobalSection(ProjectConfigurationPlatforms) = postSolution
		{CB6F86EB-5092-451A-AB71-2704D15FA4DF}.Debug|Any CPU.ActiveCfg = Debug|Any CPU
		{CB6F86EB-5092-451A-AB71-2704D15FA4DF}.Debug|Any CPU.Build.0 = Debug|Any CPU
		{CB6F86EB-5092-451A-AB71-2704D15FA4DF}.Release|Any CPU.ActiveCfg = Release|Any CPU
		{CB6F86EB-5092-451A-AB71-2704D15FA4DF}.Release|Any CPU.Build.0 = Release|Any CPU
	EndGlobalSection
	GlobalSection(SolutionProperties) = preSolution
		HideSolutionNode = FALSE
	EndGlobalSection
	GlobalSection(ExtensibilityGlobals) = postSolution
		SolutionGuid = {32CF9A69-D961-44C2-B7DD-33BD6E668807}
	EndGlobalSection
EndGlobal
