
Microsoft Visual Studio Solution File, Format Version 12.00
# Visual Studio Version 17
VisualStudioVersion = 17.3.32929.385
MinimumVisualStudioVersion = 10.0.40219.1
Project("{FAE04EC0-301F-11D3-BF4B-00C04F79EFBC}") = "Privacy Leak Demo", "Privacy Leak Demo\Privacy Leak Demo.csproj", "{BEA8ADFB-C1B4-42E7-B67D-E24294635C54}"
EndProject
Global
	GlobalSection(SolutionConfigurationPlatforms) = preSolution
		Debug|Any CPU = Debug|Any CPU
		Release|Any CPU = Release|Any CPU
	EndGlobalSection
	GlobalSection(ProjectConfigurationPlatforms) = postSolution
		{BEA8ADFB-C1B4-42E7-B67D-E24294635C54}.Debug|Any CPU.ActiveCfg = Debug|Any CPU
		{BEA8ADFB-C1B4-42E7-B67D-E24294635C54}.Debug|Any CPU.Build.0 = Debug|Any CPU
		{BEA8ADFB-C1B4-42E7-B67D-E24294635C54}.Release|Any CPU.ActiveCfg = Release|Any CPU
		{BEA8ADFB-C1B4-42E7-B67D-E24294635C54}.Release|Any CPU.Build.0 = Release|Any CPU
	EndGlobalSection
	GlobalSection(SolutionProperties) = preSolution
		HideSolutionNode = FALSE
	EndGlobalSection
	GlobalSection(ExtensibilityGlobals) = postSolution
		SolutionGuid = {376BA38C-57E6-408E-AD23-DB03D83DD0D6}
	EndGlobalSection
EndGlobal
