
Microsoft Visual Studio Solution File, Format Version 12.00
# Visual Studio Version 17
VisualStudioVersion = 17.3.32929.385
MinimumVisualStudioVersion = 10.0.40219.1
Project("{FAE04EC0-301F-11D3-BF4B-00C04F79EFBC}") = "Initialization of Class variables", "Initialization of Class variables\Initialization of Class variables.csproj", "{C43CEFFA-6FD4-4BDB-AA40-5A4515742875}"
EndProject
Global
	GlobalSection(SolutionConfigurationPlatforms) = preSolution
		Debug|Any CPU = Debug|Any CPU
		Release|Any CPU = Release|Any CPU
	EndGlobalSection
	GlobalSection(ProjectConfigurationPlatforms) = postSolution
		{C43CEFFA-6FD4-4BDB-AA40-5A4515742875}.Debug|Any CPU.ActiveCfg = Debug|Any CPU
		{C43CEFFA-6FD4-4BDB-AA40-5A4515742875}.Debug|Any CPU.Build.0 = Debug|Any CPU
		{C43CEFFA-6FD4-4BDB-AA40-5A4515742875}.Release|Any CPU.ActiveCfg = Release|Any CPU
		{C43CEFFA-6FD4-4BDB-AA40-5A4515742875}.Release|Any CPU.Build.0 = Release|Any CPU
	EndGlobalSection
	GlobalSection(SolutionProperties) = preSolution
		HideSolutionNode = FALSE
	EndGlobalSection
	GlobalSection(ExtensibilityGlobals) = postSolution
		SolutionGuid = {A9FD91F0-EB20-4284-AEF2-8B0D917AE68A}
	EndGlobalSection
EndGlobal
