
Microsoft Visual Studio Solution File, Format Version 12.00
# Visual Studio Version 17
VisualStudioVersion = 17.3.32929.385
MinimumVisualStudioVersion = 10.0.40219.1
Project("{FAE04EC0-301F-11D3-BF4B-00C04F79EFBC}") = "SingletonDemo", "SingletonDemo\SingletonDemo.csproj", "{19255512-9F07-4414-AFF2-4E9FC7400C31}"
EndProject
Global
	GlobalSection(SolutionConfigurationPlatforms) = preSolution
		Debug|Any CPU = Debug|Any CPU
		Release|Any CPU = Release|Any CPU
	EndGlobalSection
	GlobalSection(ProjectConfigurationPlatforms) = postSolution
		{19255512-9F07-4414-AFF2-4E9FC7400C31}.Debug|Any CPU.ActiveCfg = Debug|Any CPU
		{19255512-9F07-4414-AFF2-4E9FC7400C31}.Debug|Any CPU.Build.0 = Debug|Any CPU
		{19255512-9F07-4414-AFF2-4E9FC7400C31}.Release|Any CPU.ActiveCfg = Release|Any CPU
		{19255512-9F07-4414-AFF2-4E9FC7400C31}.Release|Any CPU.Build.0 = Release|Any CPU
	EndGlobalSection
	GlobalSection(SolutionProperties) = preSolution
		HideSolutionNode = FALSE
	EndGlobalSection
	GlobalSection(ExtensibilityGlobals) = postSolution
		SolutionGuid = {542711CA-844D-4FB4-9D88-06BEFA73F528}
	EndGlobalSection
EndGlobal
