
Microsoft Visual Studio Solution File, Format Version 12.00
# Visual Studio Version 17
VisualStudioVersion = 17.3.32929.385
MinimumVisualStudioVersion = 10.0.40219.1
Project("{FAE04EC0-301F-11D3-BF4B-00C04F79EFBC}") = "Interfaces Demo", "Interfaces Demo\Interfaces Demo.csproj", "{1CE1B30F-F0E5-4164-A001-A2A2033DB2FE}"
EndProject
Global
	GlobalSection(SolutionConfigurationPlatforms) = preSolution
		Debug|Any CPU = Debug|Any CPU
		Release|Any CPU = Release|Any CPU
	EndGlobalSection
	GlobalSection(ProjectConfigurationPlatforms) = postSolution
		{1CE1B30F-F0E5-4164-A001-A2A2033DB2FE}.Debug|Any CPU.ActiveCfg = Debug|Any CPU
		{1CE1B30F-F0E5-4164-A001-A2A2033DB2FE}.Debug|Any CPU.Build.0 = Debug|Any CPU
		{1CE1B30F-F0E5-4164-A001-A2A2033DB2FE}.Release|Any CPU.ActiveCfg = Release|Any CPU
		{1CE1B30F-F0E5-4164-A001-A2A2033DB2FE}.Release|Any CPU.Build.0 = Release|Any CPU
	EndGlobalSection
	GlobalSection(SolutionProperties) = preSolution
		HideSolutionNode = FALSE
	EndGlobalSection
	GlobalSection(ExtensibilityGlobals) = postSolution
		SolutionGuid = {96F48571-1045-47A1-81EA-3C6A525C4282}
	EndGlobalSection
EndGlobal
