
Microsoft Visual Studio Solution File, Format Version 12.00
# Visual Studio Version 17
VisualStudioVersion = 17.3.32929.385
MinimumVisualStudioVersion = 10.0.40219.1
Project("{FAE04EC0-301F-11D3-BF4B-00C04F79EFBC}") = "Constructor and Initialization Order", "Constructor and Initialization Order\Constructor and Initialization Order.csproj", "{BDB67272-D03E-4BD0-8EC8-A3D7B4D035D6}"
EndProject
Global
	GlobalSection(SolutionConfigurationPlatforms) = preSolution
		Debug|Any CPU = Debug|Any CPU
		Release|Any CPU = Release|Any CPU
	EndGlobalSection
	GlobalSection(ProjectConfigurationPlatforms) = postSolution
		{BDB67272-D03E-4BD0-8EC8-A3D7B4D035D6}.Debug|Any CPU.ActiveCfg = Debug|Any CPU
		{BDB67272-D03E-4BD0-8EC8-A3D7B4D035D6}.Debug|Any CPU.Build.0 = Debug|Any CPU
		{BDB67272-D03E-4BD0-8EC8-A3D7B4D035D6}.Release|Any CPU.ActiveCfg = Release|Any CPU
		{BDB67272-D03E-4BD0-8EC8-A3D7B4D035D6}.Release|Any CPU.Build.0 = Release|Any CPU
	EndGlobalSection
	GlobalSection(SolutionProperties) = preSolution
		HideSolutionNode = FALSE
	EndGlobalSection
	GlobalSection(ExtensibilityGlobals) = postSolution
		SolutionGuid = {0B73926A-F1C2-4ACD-93DA-A6042A841D07}
	EndGlobalSection
EndGlobal
